
Microsoft Visual Studio Solution File, Format Version 12.00
# Visual Studio Version 16
VisualStudioVersion = 16.0.31321.278
MinimumVisualStudioVersion = 10.0.40219.1
Project("{8BC9CEB8-8B4A-11D0-8D11-00A0C91BC942}") = "ompTasks", "ompTasks\ompTasks.vcxproj", "{6C10FF62-D7DB-49A7-86B8-59A9CB0F030A}"
EndProject
Global
	GlobalSection(SolutionConfigurationPlatforms) = preSolution
		Debug|x64 = Debug|x64
		Debug|x86 = Debug|x86
		Release|x64 = Release|x64
		Release|x86 = Release|x86
	EndGlobalSection
	GlobalSection(ProjectConfigurationPlatforms) = postSolution
		{6C10FF62-D7DB-49A7-86B8-59A9CB0F030A}.Debug|x64.ActiveCfg = Debug|x64
		{6C10FF62-D7DB-49A7-86B8-59A9CB0F030A}.Debug|x64.Build.0 = Debug|x64
		{6C10FF62-D7DB-49A7-86B8-59A9CB0F030A}.Debug|x86.ActiveCfg = Debug|Win32
		{6C10FF62-D7DB-49A7-86B8-59A9CB0F030A}.Debug|x86.Build.0 = Debug|Win32
		{6C10FF62-D7DB-49A7-86B8-59A9CB0F030A}.Release|x64.ActiveCfg = Release|x64
		{6C10FF62-D7DB-49A7-86B8-59A9CB0F030A}.Release|x64.Build.0 = Release|x64
		{6C10FF62-D7DB-49A7-86B8-59A9CB0F030A}.Release|x86.ActiveCfg = Release|Win32
		{6C10FF62-D7DB-49A7-86B8-59A9CB0F030A}.Release|x86.Build.0 = Release|Win32
	EndGlobalSection
	GlobalSection(SolutionProperties) = preSolution
		HideSolutionNode = FALSE
	EndGlobalSection
	GlobalSection(ExtensibilityGlobals) = postSolution
		SolutionGuid = {D333B531-B855-48C4-9925-01FE61584619}
	EndGlobalSection
EndGlobal
